// !$*UTF8*$!
{
	archiveVersion = 1;
	classes = {
	};
	objectVersion = 56;
	objects = {

/* Begin PBXBuildFile section */
		2315354F2877E8290094A910 /* TheRecipeApp.swift in Sources */ = {isa = PBXBuildFile; fileRef = 2315354E2877E8290094A910 /* TheRecipeApp.swift */; };
		231535512877E8AD0094A910 /* TheRecipeTests.swift in Sources */ = {isa = PBXBuildFile; fileRef = 231535502877E8AD0094A910 /* TheRecipeTests.swift */; };
		231535542877E8BA0094A910 /* TheRecipeUITests.swift in Sources */ = {isa = PBXBuildFile; fileRef = 231535522877E8BA0094A910 /* TheRecipeUITests.swift */; };
		231535552877E8BA0094A910 /* TheRecipeUITestsLaunchTests.swift in Sources */ = {isa = PBXBuildFile; fileRef = 231535532877E8BA0094A910 /* TheRecipeUITestsLaunchTests.swift */; };
		2315355828790ED30094A910 /* CookingStepEditView.swift in Sources */ = {isa = PBXBuildFile; fileRef = 2315355728790ED30094A910 /* CookingStepEditView.swift */; };
		2315355A2879468A0094A910 /* CookingStepTimeTests.swift in Sources */ = {isa = PBXBuildFile; fileRef = 231535592879468A0094A910 /* CookingStepTimeTests.swift */; };
		2315355C287948EA0094A910 /* Persistence.swift in Sources */ = {isa = PBXBuildFile; fileRef = 2315355B287948EA0094A910 /* Persistence.swift */; };
		2328794E287FDBF500477314 /* Ingredient.swift in Sources */ = {isa = PBXBuildFile; fileRef = 2328794D287FDBF500477314 /* Ingredient.swift */; };
		23287950287FDDB100477314 /* CookingStep.swift in Sources */ = {isa = PBXBuildFile; fileRef = 2328794F287FDDB100477314 /* CookingStep.swift */; };
		23287952287FDDC900477314 /* Recipe.swift in Sources */ = {isa = PBXBuildFile; fileRef = 23287951287FDDC900477314 /* Recipe.swift */; };
		23287954287FDDD500477314 /* RecipeImage.swift in Sources */ = {isa = PBXBuildFile; fileRef = 23287953287FDDD500477314 /* RecipeImage.swift */; };
		23287956287FDDE000477314 /* RecipeIngredient.swift in Sources */ = {isa = PBXBuildFile; fileRef = 23287955287FDDE000477314 /* RecipeIngredient.swift */; };
		23287958287FDDE700477314 /* Tag.swift in Sources */ = {isa = PBXBuildFile; fileRef = 23287957287FDDE700477314 /* Tag.swift */; };
		232D9E0E287F389200B8D24A /* Double+Time.swift in Sources */ = {isa = PBXBuildFile; fileRef = 232D9E0D287F389200B8D24A /* Double+Time.swift */; };
		2334CAEB2873717F003921C4 /* NSManagedObjectContext+Extensions.swift in Sources */ = {isa = PBXBuildFile; fileRef = 2334CAEA2873717F003921C4 /* NSManagedObjectContext+Extensions.swift */; };
		2334CAF02873783A003921C4 /* Recipe+Transferable.swift in Sources */ = {isa = PBXBuildFile; fileRef = 2334CAEF2873783A003921C4 /* Recipe+Transferable.swift */; };
		2334CAF32873A4B0003921C4 /* RecipeView.swift in Sources */ = {isa = PBXBuildFile; fileRef = 2334CAF22873A4B0003921C4 /* RecipeView.swift */; };
		23453289287BBE1100B68525 /* Image+Multiplatform.swift in Sources */ = {isa = PBXBuildFile; fileRef = 23453288287BBE1100B68525 /* Image+Multiplatform.swift */; };
		2359DDCC287A36520003FDE8 /* Ordered.swift in Sources */ = {isa = PBXBuildFile; fileRef = 2359DDCB287A36520003FDE8 /* Ordered.swift */; };
		2359DDCE287A4DB00003FDE8 /* RecipeHeaderView.swift in Sources */ = {isa = PBXBuildFile; fileRef = 2359DDCD287A4DB00003FDE8 /* RecipeHeaderView.swift */; };
		2359DDD0287A4EEA0003FDE8 /* IngredientView.swift in Sources */ = {isa = PBXBuildFile; fileRef = 2359DDCF287A4EEA0003FDE8 /* IngredientView.swift */; };
		2359DDD2287A4F2D0003FDE8 /* CookingStepView.swift in Sources */ = {isa = PBXBuildFile; fileRef = 2359DDD1287A4F2D0003FDE8 /* CookingStepView.swift */; };
		2359DDD4287A77FB0003FDE8 /* IngredientEditView.swift in Sources */ = {isa = PBXBuildFile; fileRef = 2359DDD3287A77FB0003FDE8 /* IngredientEditView.swift */; };
		2359DDD6287A78720003FDE8 /* EditingSheet.swift in Sources */ = {isa = PBXBuildFile; fileRef = 2359DDD5287A78720003FDE8 /* EditingSheet.swift */; };
		2359DDD8287B5A2A0003FDE8 /* Units.swift in Sources */ = {isa = PBXBuildFile; fileRef = 2359DDD7287B5A2A0003FDE8 /* Units.swift */; };
		2386711E287E5D4C00B3C2BF /* View+Extensions.swift in Sources */ = {isa = PBXBuildFile; fileRef = 2386711D287E5D4C00B3C2BF /* View+Extensions.swift */; };
		23951B5B287FE32600F7C785 /* CodingInfoKey+ManagedObjectContext.swift in Sources */ = {isa = PBXBuildFile; fileRef = 23951B5A287FE32600F7C785 /* CodingInfoKey+ManagedObjectContext.swift */; };
		23951B5D287FE39700F7C785 /* ImportExportError.swift in Sources */ = {isa = PBXBuildFile; fileRef = 23951B5C287FE39700F7C785 /* ImportExportError.swift */; };
		23951B622881AE3200F7C785 /* Reference.swift in Sources */ = {isa = PBXBuildFile; fileRef = 23951B612881AE3200F7C785 /* Reference.swift */; };
		23951B642881B47100F7C785 /* DataRoot.swift in Sources */ = {isa = PBXBuildFile; fileRef = 23951B632881B47100F7C785 /* DataRoot.swift */; };
		2399945F2874BEA900AC3CA4 /* SidebarView.swift in Sources */ = {isa = PBXBuildFile; fileRef = 2399945E2874BEA900AC3CA4 /* SidebarView.swift */; };
		239994612874BEED00AC3CA4 /* RecipeListView.swift in Sources */ = {isa = PBXBuildFile; fileRef = 239994602874BEED00AC3CA4 /* RecipeListView.swift */; };
		239994632874BF2A00AC3CA4 /* DetailView.swift in Sources */ = {isa = PBXBuildFile; fileRef = 239994622874BF2A00AC3CA4 /* DetailView.swift */; };
		239994672874E95D00AC3CA4 /* Logging.swift in Sources */ = {isa = PBXBuildFile; fileRef = 239994662874E95D00AC3CA4 /* Logging.swift */; };
		2399946D2875538800AC3CA4 /* ApplicationFailureView.swift in Sources */ = {isa = PBXBuildFile; fileRef = 2399946C2875538800AC3CA4 /* ApplicationFailureView.swift */; };
		239B8D8C288887A90053B7EA /* RecipeImage+Extensions.swift in Sources */ = {isa = PBXBuildFile; fileRef = 239B8D8B288887A90053B7EA /* RecipeImage+Extensions.swift */; };
		239B8D91288A07200053B7EA /* RecipeHeaderViewModel.swift in Sources */ = {isa = PBXBuildFile; fileRef = 239B8D90288A07200053B7EA /* RecipeHeaderViewModel.swift */; };
		23B03D5B2866481F00507A15 /* Persistence.swift in Sources */ = {isa = PBXBuildFile; fileRef = 23B03D5A2866481F00507A15 /* Persistence.swift */; };
		23B03D5E2866481F00507A15 /* TheRecipe.xcdatamodeld in Sources */ = {isa = PBXBuildFile; fileRef = 23B03D5C2866481F00507A15 /* TheRecipe.xcdatamodeld */; };
		23B03D622866482000507A15 /* Assets.xcassets in Resources */ = {isa = PBXBuildFile; fileRef = 23B03D612866482000507A15 /* Assets.xcassets */; };
		23B03D662866482000507A15 /* Preview Assets.xcassets in Resources */ = {isa = PBXBuildFile; fileRef = 23B03D652866482000507A15 /* Preview Assets.xcassets */; };
		23D661D1287638330071681B /* RecipeIngredient+Extensions.swift in Sources */ = {isa = PBXBuildFile; fileRef = 23D661D0287638330071681B /* RecipeIngredient+Extensions.swift */; };
		23D661D72876583F0071681B /* PreviewProvider+Extensions.swift in Sources */ = {isa = PBXBuildFile; fileRef = 23D661D62876583F0071681B /* PreviewProvider+Extensions.swift */; };
		23DE50FC2866791400EFC3EE /* Ingredient+Extensions.swift in Sources */ = {isa = PBXBuildFile; fileRef = 23DE50FB2866791400EFC3EE /* Ingredient+Extensions.swift */; };
		23DE50FE2866791900EFC3EE /* Tag+Extensions.swift in Sources */ = {isa = PBXBuildFile; fileRef = 23DE50FD2866791900EFC3EE /* Tag+Extensions.swift */; };
		23DE510328667E6F00EFC3EE /* Recipe+Extensions.swift in Sources */ = {isa = PBXBuildFile; fileRef = 23DE510228667E6F00EFC3EE /* Recipe+Extensions.swift */; };
		23DE510728667E8600EFC3EE /* CookingStep+Extensions.swift in Sources */ = {isa = PBXBuildFile; fileRef = 23DE510628667E8600EFC3EE /* CookingStep+Extensions.swift */; };
		23E3B9972870CA3100C9B9E0 /* Selection.swift in Sources */ = {isa = PBXBuildFile; fileRef = 23E3B9962870CA3100C9B9E0 /* Selection.swift */; };
		F30BE2322A5F55970056C2F6 /* DinnerMenuList.swift in Sources */ = {isa = PBXBuildFile; fileRef = F30BE2312A5F55960056C2F6 /* DinnerMenuList.swift */; };
		F30BE2342A5F55AB0056C2F6 /* DinnerMenuDetail.swift in Sources */ = {isa = PBXBuildFile; fileRef = F30BE2332A5F55AB0056C2F6 /* DinnerMenuDetail.swift */; };
		F3204BAC2A3109210041DAAE /* SettingsView.swift in Sources */ = {isa = PBXBuildFile; fileRef = F3204BAB2A3109210041DAAE /* SettingsView.swift */; };
		F3204BAF2A3139110041DAAE /* LaunchScreen.storyboard in Resources */ = {isa = PBXBuildFile; fileRef = F3204BB12A3139110041DAAE /* LaunchScreen.storyboard */; platformFilter = ios; };
		F3204BB62A3139930041DAAE /* Localizable.strings in Resources */ = {isa = PBXBuildFile; fileRef = F3204BB82A3139930041DAAE /* Localizable.strings */; };
		F324BD0C2AB28A9F0089140E /* AutocompletedTextField.swift in Sources */ = {isa = PBXBuildFile; fileRef = F324BD0B2AB28A9F0089140E /* AutocompletedTextField.swift */; };
		F328B0762C4094B700C8B1A1 /* RecipeRemarks.swift in Sources */ = {isa = PBXBuildFile; fileRef = F328B0752C4094B700C8B1A1 /* RecipeRemarks.swift */; };
		F32BBBFE28889C0C00CBDAC2 /* CookingStageView.swift in Sources */ = {isa = PBXBuildFile; fileRef = F32BBBFD28889C0C00CBDAC2 /* CookingStageView.swift */; };
		F32F23BE2A846AF2004865DE /* TagProvider.swift in Sources */ = {isa = PBXBuildFile; fileRef = F32F23BD2A846AF2004865DE /* TagProvider.swift */; };
		F338C8262A33D8B900BC9BCE /* AboutView.swift in Sources */ = {isa = PBXBuildFile; fileRef = F338C8252A33D8B900BC9BCE /* AboutView.swift */; };
		F33E3DD52CDD67D600EC5B78 /* YouTubePlayerView.swift in Sources */ = {isa = PBXBuildFile; fileRef = F33E3DD42CDD67D600EC5B78 /* YouTubePlayerView.swift */; };
		F34750B42876511E001B9A90 /* CookingView.swift in Sources */ = {isa = PBXBuildFile; fileRef = F34750B32876511E001B9A90 /* CookingView.swift */; };
		F34FF7972A1C28AE0098B47C /* EditInlineView.swift in Sources */ = {isa = PBXBuildFile; fileRef = F34FF7962A1C28AE0098B47C /* EditInlineView.swift */; };
		F34FF7992A1C328F0098B47C /* Utils.swift in Sources */ = {isa = PBXBuildFile; fileRef = F34FF7982A1C328F0098B47C /* Utils.swift */; };
		F35461802A201F5600834505 /* RecipePreviewView.swift in Sources */ = {isa = PBXBuildFile; fileRef = F354617F2A201F5600834505 /* RecipePreviewView.swift */; };
		F358C2712B12A30E009FC684 /* VideoFork.swift in Sources */ = {isa = PBXBuildFile; fileRef = F358C2702B12A30E009FC684 /* VideoFork.swift */; };
		F358C2762B13CE30009FC684 /* UtilTests.swift in Sources */ = {isa = PBXBuildFile; fileRef = F358C2752B13CE30009FC684 /* UtilTests.swift */; };
		F35D3ADD2AA0020100BAF7CA /* LaunchScreen.storyboard in Resources */ = {isa = PBXBuildFile; fileRef = F35D3ADC2AA0020100BAF7CA /* LaunchScreen.storyboard */; platformFilter = ios; };
		F3629EB0293EB69300D39BF4 /* RecipeTextEditingView.swift in Sources */ = {isa = PBXBuildFile; fileRef = F3629EAF293EB69300D39BF4 /* RecipeTextEditingView.swift */; };
		F3629EB2293ECE7800D39BF4 /* TimeEditView.swift in Sources */ = {isa = PBXBuildFile; fileRef = F3629EB1293ECE7800D39BF4 /* TimeEditView.swift */; };
		F36A01B92ACF703D0014B32C /* JsonDocument.swift in Sources */ = {isa = PBXBuildFile; fileRef = F36A01B82ACF703D0014B32C /* JsonDocument.swift */; };
		F36A01BB2AD5FF9C0014B32C /* preview_db.json in Resources */ = {isa = PBXBuildFile; fileRef = F36A01BA2AD5FF9C0014B32C /* preview_db.json */; };
		F36A01C22AD74D140014B32C /* CopyrightView.swift in Sources */ = {isa = PBXBuildFile; fileRef = F36A01C12AD74D140014B32C /* CopyrightView.swift */; };
		F36A01C42AD8AAC20014B32C /* AdaptiveLayoutView.swift in Sources */ = {isa = PBXBuildFile; fileRef = F36A01C32AD8AAC20014B32C /* AdaptiveLayoutView.swift */; };
		F36BA9F928AD8F1300D8B997 /* PhotoGallery.swift in Sources */ = {isa = PBXBuildFile; fileRef = F36BA9F828AD8F1300D8B997 /* PhotoGallery.swift */; };
		F371CA74296A406900DC25EE /* TagsListView.swift in Sources */ = {isa = PBXBuildFile; fileRef = F371CA73296A406900DC25EE /* TagsListView.swift */; };
		F3747B90296F66210077648D /* RatingViews.swift in Sources */ = {isa = PBXBuildFile; fileRef = F3747B8F296F66210077648D /* RatingViews.swift */; };
		F3777109287A5D4A00ABA73D /* TimerView.swift in Sources */ = {isa = PBXBuildFile; fileRef = F3777108287A5D4A00ABA73D /* TimerView.swift */; };
		F38019FE2A2411B600C9E0AE /* Speaker.swift in Sources */ = {isa = PBXBuildFile; fileRef = F38019FC2A2411B500C9E0AE /* Speaker.swift */; };
		F38019FF2A2411B600C9E0AE /* SpeachRecognizer.swift in Sources */ = {isa = PBXBuildFile; fileRef = F38019FD2A2411B500C9E0AE /* SpeachRecognizer.swift */; };
		F38FA60C2A521DF4008ABFA8 /* DinnerMenu.swift in Sources */ = {isa = PBXBuildFile; fileRef = F38FA60B2A521DF4008ABFA8 /* DinnerMenu.swift */; };
		F38FA60E2A521E0A008ABFA8 /* DinnerMenuItem.swift in Sources */ = {isa = PBXBuildFile; fileRef = F38FA60D2A521E0A008ABFA8 /* DinnerMenuItem.swift */; };
		F39890CE288A1EF100C3FC50 /* IngredientsStageView.swift in Sources */ = {isa = PBXBuildFile; fileRef = F39890CD288A1EF100C3FC50 /* IngredientsStageView.swift */; };
		F39A42472A37C4E80017C29C /* datasetCocktails.json in Resources */ = {isa = PBXBuildFile; fileRef = F39A42452A37C4E80017C29C /* datasetCocktails.json */; };
		F39A42482A37C4E80017C29C /* testDatasetCocktails.json in Resources */ = {isa = PBXBuildFile; fileRef = F39A42462A37C4E80017C29C /* testDatasetCocktails.json */; };
		F39A424A2A37CA1A0017C29C /* CocktailModelsForImport.swift in Sources */ = {isa = PBXBuildFile; fileRef = F39A42492A37CA1A0017C29C /* CocktailModelsForImport.swift */; };
		F39A424C2A37CB5E0017C29C /* ImportBunchRecipes.swift in Sources */ = {isa = PBXBuildFile; fileRef = F39A424B2A37CB5E0017C29C /* ImportBunchRecipes.swift */; };
		F3A24A752936DC3000C7E2B7 /* RecipeTimeEditAndView.swift in Sources */ = {isa = PBXBuildFile; fileRef = F3A24A742936DC3000C7E2B7 /* RecipeTimeEditAndView.swift */; };
		F3A44EE02A38EF1400B50C81 /* Bundle+Extension.swift in Sources */ = {isa = PBXBuildFile; fileRef = F3A44EDF2A38EF1400B50C81 /* Bundle+Extension.swift */; };
		F3A44EE22A39312500B50C81 /* EasyFindable.swift in Sources */ = {isa = PBXBuildFile; fileRef = F3A44EE12A39312500B50C81 /* EasyFindable.swift */; };
		F3BBF9C929494977008D0902 /* TagsEditView.swift in Sources */ = {isa = PBXBuildFile; fileRef = F3BBF9C829494977008D0902 /* TagsEditView.swift */; };
		F3D00FEE2A8AE3E00070FE43 /* RootView.swift in Sources */ = {isa = PBXBuildFile; fileRef = F3D00FED2A8AE3E00070FE43 /* RootView.swift */; };
		F3F4289D2A54EB20006505DA /* DinnerMenu+Extensions.swift in Sources */ = {isa = PBXBuildFile; fileRef = F3F4289C2A54EB20006505DA /* DinnerMenu+Extensions.swift */; };
		F3F4289F2A54EEC2006505DA /* DinnerMenuItem+Extensions.swift in Sources */ = {isa = PBXBuildFile; fileRef = F3F4289E2A54EEC2006505DA /* DinnerMenuItem+Extensions.swift */; };
		F3F4CF7B2AA150470059FE18 /* TagsAutocompleterView.swift in Sources */ = {isa = PBXBuildFile; fileRef = F3F4CF7A2AA150470059FE18 /* TagsAutocompleterView.swift */; };
		F3F4CF7D2AA15CA00059FE18 /* RecipeAutocompleterView.swift in Sources */ = {isa = PBXBuildFile; fileRef = F3F4CF7C2AA15CA00059FE18 /* RecipeAutocompleterView.swift */; };
/* End PBXBuildFile section */

/* Begin PBXContainerItemProxy section */
		23B03D6C2866482000507A15 /* PBXContainerItemProxy */ = {
			isa = PBXContainerItemProxy;
			containerPortal = 23B03D4D2866481F00507A15 /* Project object */;
			proxyType = 1;
			remoteGlobalIDString = 23B03D542866481F00507A15;
			remoteInfo = TheRecipe;
		};
		23B03D762866482100507A15 /* PBXContainerItemProxy */ = {
			isa = PBXContainerItemProxy;
			containerPortal = 23B03D4D2866481F00507A15 /* Project object */;
			proxyType = 1;
			remoteGlobalIDString = 23B03D542866481F00507A15;
			remoteInfo = TheRecipe;
		};
/* End PBXContainerItemProxy section */

/* Begin PBXFileReference section */
		2315354D2877E8290094A910 /* TheRecipe.entitlements */ = {isa = PBXFileReference; fileEncoding = 4; lastKnownFileType = text.plist.entitlements; path = TheRecipe.entitlements; sourceTree = "<group>"; };
		2315354E2877E8290094A910 /* TheRecipeApp.swift */ = {isa = PBXFileReference; fileEncoding = 4; lastKnownFileType = sourcecode.swift; path = TheRecipeApp.swift; sourceTree = "<group>"; };
		231535502877E8AD0094A910 /* TheRecipeTests.swift */ = {isa = PBXFileReference; fileEncoding = 4; lastKnownFileType = sourcecode.swift; path = TheRecipeTests.swift; sourceTree = "<group>"; };
		231535522877E8BA0094A910 /* TheRecipeUITests.swift */ = {isa = PBXFileReference; fileEncoding = 4; lastKnownFileType = sourcecode.swift; path = TheRecipeUITests.swift; sourceTree = "<group>"; };
		231535532877E8BA0094A910 /* TheRecipeUITestsLaunchTests.swift */ = {isa = PBXFileReference; fileEncoding = 4; lastKnownFileType = sourcecode.swift; path = TheRecipeUITestsLaunchTests.swift; sourceTree = "<group>"; };
		2315355728790ED30094A910 /* CookingStepEditView.swift */ = {isa = PBXFileReference; lastKnownFileType = sourcecode.swift; path = CookingStepEditView.swift; sourceTree = "<group>"; };
		231535592879468A0094A910 /* CookingStepTimeTests.swift */ = {isa = PBXFileReference; lastKnownFileType = sourcecode.swift; path = CookingStepTimeTests.swift; sourceTree = "<group>"; };
		2315355B287948EA0094A910 /* Persistence.swift */ = {isa = PBXFileReference; lastKnownFileType = sourcecode.swift; path = Persistence.swift; sourceTree = "<group>"; };
		2328794D287FDBF500477314 /* Ingredient.swift */ = {isa = PBXFileReference; lastKnownFileType = sourcecode.swift; path = Ingredient.swift; sourceTree = "<group>"; };
		2328794F287FDDB100477314 /* CookingStep.swift */ = {isa = PBXFileReference; lastKnownFileType = sourcecode.swift; path = CookingStep.swift; sourceTree = "<group>"; };
		23287951287FDDC900477314 /* Recipe.swift */ = {isa = PBXFileReference; lastKnownFileType = sourcecode.swift; path = Recipe.swift; sourceTree = "<group>"; };
		23287953287FDDD500477314 /* RecipeImage.swift */ = {isa = PBXFileReference; lastKnownFileType = sourcecode.swift; path = RecipeImage.swift; sourceTree = "<group>"; };
		23287955287FDDE000477314 /* RecipeIngredient.swift */ = {isa = PBXFileReference; lastKnownFileType = sourcecode.swift; path = RecipeIngredient.swift; sourceTree = "<group>"; };
		23287957287FDDE700477314 /* Tag.swift */ = {isa = PBXFileReference; lastKnownFileType = sourcecode.swift; path = Tag.swift; sourceTree = "<group>"; };
		232D9E0D287F389200B8D24A /* Double+Time.swift */ = {isa = PBXFileReference; lastKnownFileType = sourcecode.swift; path = "Double+Time.swift"; sourceTree = "<group>"; };
		2334CAEA2873717F003921C4 /* NSManagedObjectContext+Extensions.swift */ = {isa = PBXFileReference; lastKnownFileType = sourcecode.swift; path = "NSManagedObjectContext+Extensions.swift"; sourceTree = "<group>"; };
		2334CAEF2873783A003921C4 /* Recipe+Transferable.swift */ = {isa = PBXFileReference; lastKnownFileType = sourcecode.swift; path = "Recipe+Transferable.swift"; sourceTree = "<group>"; };
		2334CAF22873A4B0003921C4 /* RecipeView.swift */ = {isa = PBXFileReference; lastKnownFileType = sourcecode.swift; path = RecipeView.swift; sourceTree = "<group>"; };
		23453288287BBE1100B68525 /* Image+Multiplatform.swift */ = {isa = PBXFileReference; lastKnownFileType = sourcecode.swift; path = "Image+Multiplatform.swift"; sourceTree = "<group>"; };
		2359DDCB287A36520003FDE8 /* Ordered.swift */ = {isa = PBXFileReference; lastKnownFileType = sourcecode.swift; path = Ordered.swift; sourceTree = "<group>"; };
		2359DDCD287A4DB00003FDE8 /* RecipeHeaderView.swift */ = {isa = PBXFileReference; lastKnownFileType = sourcecode.swift; path = RecipeHeaderView.swift; sourceTree = "<group>"; };
		2359DDCF287A4EEA0003FDE8 /* IngredientView.swift */ = {isa = PBXFileReference; lastKnownFileType = sourcecode.swift; path = IngredientView.swift; sourceTree = "<group>"; };
		2359DDD1287A4F2D0003FDE8 /* CookingStepView.swift */ = {isa = PBXFileReference; lastKnownFileType = sourcecode.swift; path = CookingStepView.swift; sourceTree = "<group>"; usesTabs = 0; };
		2359DDD3287A77FB0003FDE8 /* IngredientEditView.swift */ = {isa = PBXFileReference; lastKnownFileType = sourcecode.swift; path = IngredientEditView.swift; sourceTree = "<group>"; };
		2359DDD5287A78720003FDE8 /* EditingSheet.swift */ = {isa = PBXFileReference; lastKnownFileType = sourcecode.swift; path = EditingSheet.swift; sourceTree = "<group>"; };
		2359DDD7287B5A2A0003FDE8 /* Units.swift */ = {isa = PBXFileReference; lastKnownFileType = sourcecode.swift; path = Units.swift; sourceTree = "<group>"; };
		2386711D287E5D4C00B3C2BF /* View+Extensions.swift */ = {isa = PBXFileReference; lastKnownFileType = sourcecode.swift; path = "View+Extensions.swift"; sourceTree = "<group>"; };
		23951B5A287FE32600F7C785 /* CodingInfoKey+ManagedObjectContext.swift */ = {isa = PBXFileReference; lastKnownFileType = sourcecode.swift; path = "CodingInfoKey+ManagedObjectContext.swift"; sourceTree = "<group>"; };
		23951B5C287FE39700F7C785 /* ImportExportError.swift */ = {isa = PBXFileReference; lastKnownFileType = sourcecode.swift; path = ImportExportError.swift; sourceTree = "<group>"; };
		23951B612881AE3200F7C785 /* Reference.swift */ = {isa = PBXFileReference; lastKnownFileType = sourcecode.swift; path = Reference.swift; sourceTree = "<group>"; };
		23951B632881B47100F7C785 /* DataRoot.swift */ = {isa = PBXFileReference; lastKnownFileType = sourcecode.swift; path = DataRoot.swift; sourceTree = "<group>"; };
		2399945E2874BEA900AC3CA4 /* SidebarView.swift */ = {isa = PBXFileReference; lastKnownFileType = sourcecode.swift; path = SidebarView.swift; sourceTree = "<group>"; };
		239994602874BEED00AC3CA4 /* RecipeListView.swift */ = {isa = PBXFileReference; lastKnownFileType = sourcecode.swift; path = RecipeListView.swift; sourceTree = "<group>"; };
		239994622874BF2A00AC3CA4 /* DetailView.swift */ = {isa = PBXFileReference; lastKnownFileType = sourcecode.swift; path = DetailView.swift; sourceTree = "<group>"; };
		239994662874E95D00AC3CA4 /* Logging.swift */ = {isa = PBXFileReference; lastKnownFileType = sourcecode.swift; path = Logging.swift; sourceTree = "<group>"; };
		2399946C2875538800AC3CA4 /* ApplicationFailureView.swift */ = {isa = PBXFileReference; lastKnownFileType = sourcecode.swift; path = ApplicationFailureView.swift; sourceTree = "<group>"; };
		239B8D8B288887A90053B7EA /* RecipeImage+Extensions.swift */ = {isa = PBXFileReference; lastKnownFileType = sourcecode.swift; path = "RecipeImage+Extensions.swift"; sourceTree = "<group>"; };
		239B8D90288A07200053B7EA /* RecipeHeaderViewModel.swift */ = {isa = PBXFileReference; lastKnownFileType = sourcecode.swift; path = RecipeHeaderViewModel.swift; sourceTree = "<group>"; };
		23B03D552866481F00507A15 /* TheRecipe.app */ = {isa = PBXFileReference; explicitFileType = wrapper.application; includeInIndex = 0; path = TheRecipe.app; sourceTree = BUILT_PRODUCTS_DIR; };
		23B03D5A2866481F00507A15 /* Persistence.swift */ = {isa = PBXFileReference; lastKnownFileType = sourcecode.swift; path = Persistence.swift; sourceTree = "<group>"; };
		23B03D5D2866481F00507A15 /* The_Recipe.xcdatamodel */ = {isa = PBXFileReference; lastKnownFileType = wrapper.xcdatamodel; path = The_Recipe.xcdatamodel; sourceTree = "<group>"; };
		23B03D612866482000507A15 /* Assets.xcassets */ = {isa = PBXFileReference; lastKnownFileType = folder.assetcatalog; path = Assets.xcassets; sourceTree = "<group>"; };
		23B03D652866482000507A15 /* Preview Assets.xcassets */ = {isa = PBXFileReference; lastKnownFileType = folder.assetcatalog; path = "Preview Assets.xcassets"; sourceTree = "<group>"; };
		23B03D6B2866482000507A15 /* TheRecipeTests.xctest */ = {isa = PBXFileReference; explicitFileType = wrapper.cfbundle; includeInIndex = 0; path = TheRecipeTests.xctest; sourceTree = BUILT_PRODUCTS_DIR; };
		23B03D752866482100507A15 /* TheRecipeUITests.xctest */ = {isa = PBXFileReference; explicitFileType = wrapper.cfbundle; includeInIndex = 0; path = TheRecipeUITests.xctest; sourceTree = BUILT_PRODUCTS_DIR; };
		23D661D0287638330071681B /* RecipeIngredient+Extensions.swift */ = {isa = PBXFileReference; lastKnownFileType = sourcecode.swift; path = "RecipeIngredient+Extensions.swift"; sourceTree = "<group>"; };
		23D661D62876583F0071681B /* PreviewProvider+Extensions.swift */ = {isa = PBXFileReference; lastKnownFileType = sourcecode.swift; path = "PreviewProvider+Extensions.swift"; sourceTree = "<group>"; };
		23DE50FB2866791400EFC3EE /* Ingredient+Extensions.swift */ = {isa = PBXFileReference; lastKnownFileType = sourcecode.swift; path = "Ingredient+Extensions.swift"; sourceTree = "<group>"; };
		23DE50FD2866791900EFC3EE /* Tag+Extensions.swift */ = {isa = PBXFileReference; lastKnownFileType = sourcecode.swift; path = "Tag+Extensions.swift"; sourceTree = "<group>"; };
		23DE510228667E6F00EFC3EE /* Recipe+Extensions.swift */ = {isa = PBXFileReference; lastKnownFileType = sourcecode.swift; path = "Recipe+Extensions.swift"; sourceTree = "<group>"; };
		23DE510628667E8600EFC3EE /* CookingStep+Extensions.swift */ = {isa = PBXFileReference; lastKnownFileType = sourcecode.swift; path = "CookingStep+Extensions.swift"; sourceTree = "<group>"; };
		23E3B9962870CA3100C9B9E0 /* Selection.swift */ = {isa = PBXFileReference; lastKnownFileType = sourcecode.swift; path = Selection.swift; sourceTree = "<group>"; };
		F30BE2312A5F55960056C2F6 /* DinnerMenuList.swift */ = {isa = PBXFileReference; lastKnownFileType = sourcecode.swift; path = DinnerMenuList.swift; sourceTree = "<group>"; };
		F30BE2332A5F55AB0056C2F6 /* DinnerMenuDetail.swift */ = {isa = PBXFileReference; lastKnownFileType = sourcecode.swift; path = DinnerMenuDetail.swift; sourceTree = "<group>"; };
		F3204BAB2A3109210041DAAE /* SettingsView.swift */ = {isa = PBXFileReference; lastKnownFileType = sourcecode.swift; path = SettingsView.swift; sourceTree = "<group>"; };
		F3204BB32A3139230041DAAE /* en */ = {isa = PBXFileReference; lastKnownFileType = text.plist.strings; name = en; path = en.lproj/LaunchScreen.strings; sourceTree = "<group>"; };
		F3204BB72A3139930041DAAE /* es-419 */ = {isa = PBXFileReference; lastKnownFileType = text.plist.strings; name = "es-419"; path = "es-419.lproj/Localizable.strings"; sourceTree = "<group>"; };
		F3204BB92A3139980041DAAE /* en */ = {isa = PBXFileReference; lastKnownFileType = text.plist.strings; name = en; path = en.lproj/Localizable.strings; sourceTree = "<group>"; };
		F324BD0B2AB28A9F0089140E /* AutocompletedTextField.swift */ = {isa = PBXFileReference; lastKnownFileType = sourcecode.swift; path = AutocompletedTextField.swift; sourceTree = "<group>"; };
		F328B0752C4094B700C8B1A1 /* RecipeRemarks.swift */ = {isa = PBXFileReference; lastKnownFileType = sourcecode.swift; path = RecipeRemarks.swift; sourceTree = "<group>"; };
		F32BBBFD28889C0C00CBDAC2 /* CookingStageView.swift */ = {isa = PBXFileReference; lastKnownFileType = sourcecode.swift; path = CookingStageView.swift; sourceTree = "<group>"; };
		F32F23BD2A846AF2004865DE /* TagProvider.swift */ = {isa = PBXFileReference; lastKnownFileType = sourcecode.swift; path = TagProvider.swift; sourceTree = "<group>"; };
		F338C8252A33D8B900BC9BCE /* AboutView.swift */ = {isa = PBXFileReference; lastKnownFileType = sourcecode.swift; path = AboutView.swift; sourceTree = "<group>"; };
		F33E3DD42CDD67D600EC5B78 /* YouTubePlayerView.swift */ = {isa = PBXFileReference; lastKnownFileType = sourcecode.swift; path = YouTubePlayerView.swift; sourceTree = "<group>"; };
		F34750B32876511E001B9A90 /* CookingView.swift */ = {isa = PBXFileReference; lastKnownFileType = sourcecode.swift; path = CookingView.swift; sourceTree = "<group>"; };
		F34FF7962A1C28AE0098B47C /* EditInlineView.swift */ = {isa = PBXFileReference; lastKnownFileType = sourcecode.swift; path = EditInlineView.swift; sourceTree = "<group>"; };
		F34FF7982A1C328F0098B47C /* Utils.swift */ = {isa = PBXFileReference; lastKnownFileType = sourcecode.swift; path = Utils.swift; sourceTree = "<group>"; };
		F354617F2A201F5600834505 /* RecipePreviewView.swift */ = {isa = PBXFileReference; lastKnownFileType = sourcecode.swift; path = RecipePreviewView.swift; sourceTree = "<group>"; };
		F358C2702B12A30E009FC684 /* VideoFork.swift */ = {isa = PBXFileReference; lastKnownFileType = sourcecode.swift; path = VideoFork.swift; sourceTree = "<group>"; };
		F358C2752B13CE30009FC684 /* UtilTests.swift */ = {isa = PBXFileReference; lastKnownFileType = sourcecode.swift; path = UtilTests.swift; sourceTree = "<group>"; };
		F35D3ADC2AA0020100BAF7CA /* LaunchScreen.storyboard */ = {isa = PBXFileReference; fileEncoding = 4; lastKnownFileType = file.storyboard; name = LaunchScreen.storyboard; path = TheRecipe/LaunchScreen.storyboard; sourceTree = "<group>"; };
		F3629EAF293EB69300D39BF4 /* RecipeTextEditingView.swift */ = {isa = PBXFileReference; lastKnownFileType = sourcecode.swift; path = RecipeTextEditingView.swift; sourceTree = "<group>"; };
		F3629EB1293ECE7800D39BF4 /* TimeEditView.swift */ = {isa = PBXFileReference; lastKnownFileType = sourcecode.swift; path = TimeEditView.swift; sourceTree = "<group>"; };
		F36874072A27A4FB00A54ACE /* README.md */ = {isa = PBXFileReference; lastKnownFileType = net.daringfireball.markdown; path = README.md; sourceTree = "<group>"; };
		F36A01B82ACF703D0014B32C /* JsonDocument.swift */ = {isa = PBXFileReference; lastKnownFileType = sourcecode.swift; path = JsonDocument.swift; sourceTree = "<group>"; };
		F36A01BA2AD5FF9C0014B32C /* preview_db.json */ = {isa = PBXFileReference; lastKnownFileType = text.json; path = preview_db.json; sourceTree = "<group>"; };
		F36A01BD2AD6170A0014B32C /* CoreAudio.framework */ = {isa = PBXFileReference; lastKnownFileType = wrapper.framework; name = CoreAudio.framework; path = Platforms/iPhoneOS.platform/Developer/SDKs/iPhoneOS17.0.sdk/System/Library/Frameworks/CoreAudio.framework; sourceTree = DEVELOPER_DIR; };
		F36A01BF2AD617B00014B32C /* CoreAudioTypes.framework */ = {isa = PBXFileReference; lastKnownFileType = wrapper.framework; name = CoreAudioTypes.framework; path = Platforms/iPhoneOS.platform/Developer/SDKs/iPhoneOS17.0.sdk/System/Library/Frameworks/CoreAudioTypes.framework; sourceTree = DEVELOPER_DIR; };
		F36A01C12AD74D140014B32C /* CopyrightView.swift */ = {isa = PBXFileReference; lastKnownFileType = sourcecode.swift; path = CopyrightView.swift; sourceTree = "<group>"; };
		F36A01C32AD8AAC20014B32C /* AdaptiveLayoutView.swift */ = {isa = PBXFileReference; lastKnownFileType = sourcecode.swift; path = AdaptiveLayoutView.swift; sourceTree = "<group>"; };
		F36BA9F828AD8F1300D8B997 /* PhotoGallery.swift */ = {isa = PBXFileReference; lastKnownFileType = sourcecode.swift; path = PhotoGallery.swift; sourceTree = "<group>"; };
		F371CA73296A406900DC25EE /* TagsListView.swift */ = {isa = PBXFileReference; lastKnownFileType = sourcecode.swift; path = TagsListView.swift; sourceTree = "<group>"; };
		F3747B8F296F66210077648D /* RatingViews.swift */ = {isa = PBXFileReference; lastKnownFileType = sourcecode.swift; path = RatingViews.swift; sourceTree = "<group>"; };
		F3777108287A5D4A00ABA73D /* TimerView.swift */ = {isa = PBXFileReference; lastKnownFileType = sourcecode.swift; path = TimerView.swift; sourceTree = "<group>"; };
		F38019FC2A2411B500C9E0AE /* Speaker.swift */ = {isa = PBXFileReference; fileEncoding = 4; lastKnownFileType = sourcecode.swift; path = Speaker.swift; sourceTree = "<group>"; };
		F38019FD2A2411B500C9E0AE /* SpeachRecognizer.swift */ = {isa = PBXFileReference; fileEncoding = 4; lastKnownFileType = sourcecode.swift; path = SpeachRecognizer.swift; sourceTree = "<group>"; };
		F38FA60B2A521DF4008ABFA8 /* DinnerMenu.swift */ = {isa = PBXFileReference; lastKnownFileType = sourcecode.swift; path = DinnerMenu.swift; sourceTree = "<group>"; };
		F38FA60D2A521E0A008ABFA8 /* DinnerMenuItem.swift */ = {isa = PBXFileReference; lastKnownFileType = sourcecode.swift; path = DinnerMenuItem.swift; sourceTree = "<group>"; };
		F39890CD288A1EF100C3FC50 /* IngredientsStageView.swift */ = {isa = PBXFileReference; lastKnownFileType = sourcecode.swift; path = IngredientsStageView.swift; sourceTree = "<group>"; };
		F39A42452A37C4E80017C29C /* datasetCocktails.json */ = {isa = PBXFileReference; fileEncoding = 4; lastKnownFileType = text.json; path = datasetCocktails.json; sourceTree = "<group>"; };
		F39A42462A37C4E80017C29C /* testDatasetCocktails.json */ = {isa = PBXFileReference; fileEncoding = 4; lastKnownFileType = text.json; path = testDatasetCocktails.json; sourceTree = "<group>"; };
		F39A42492A37CA1A0017C29C /* CocktailModelsForImport.swift */ = {isa = PBXFileReference; lastKnownFileType = sourcecode.swift; path = CocktailModelsForImport.swift; sourceTree = "<group>"; };
		F39A424B2A37CB5E0017C29C /* ImportBunchRecipes.swift */ = {isa = PBXFileReference; lastKnownFileType = sourcecode.swift; path = ImportBunchRecipes.swift; sourceTree = "<group>"; };
		F3A24A742936DC3000C7E2B7 /* RecipeTimeEditAndView.swift */ = {isa = PBXFileReference; lastKnownFileType = sourcecode.swift; path = RecipeTimeEditAndView.swift; sourceTree = "<group>"; };
		F3A44EDF2A38EF1400B50C81 /* Bundle+Extension.swift */ = {isa = PBXFileReference; lastKnownFileType = sourcecode.swift; path = "Bundle+Extension.swift"; sourceTree = "<group>"; };
		F3A44EE12A39312500B50C81 /* EasyFindable.swift */ = {isa = PBXFileReference; lastKnownFileType = sourcecode.swift; path = EasyFindable.swift; sourceTree = "<group>"; };
		F3BBF9C829494977008D0902 /* TagsEditView.swift */ = {isa = PBXFileReference; lastKnownFileType = sourcecode.swift; path = TagsEditView.swift; sourceTree = "<group>"; };
		F3D00FED2A8AE3E00070FE43 /* RootView.swift */ = {isa = PBXFileReference; lastKnownFileType = sourcecode.swift; path = RootView.swift; sourceTree = "<group>"; };
		F3F4289C2A54EB20006505DA /* DinnerMenu+Extensions.swift */ = {isa = PBXFileReference; lastKnownFileType = sourcecode.swift; path = "DinnerMenu+Extensions.swift"; sourceTree = "<group>"; };
		F3F4289E2A54EEC2006505DA /* DinnerMenuItem+Extensions.swift */ = {isa = PBXFileReference; lastKnownFileType = sourcecode.swift; path = "DinnerMenuItem+Extensions.swift"; sourceTree = "<group>"; };
		F3F4CF7A2AA150470059FE18 /* TagsAutocompleterView.swift */ = {isa = PBXFileReference; lastKnownFileType = sourcecode.swift; path = TagsAutocompleterView.swift; sourceTree = "<group>"; };
		F3F4CF7C2AA15CA00059FE18 /* RecipeAutocompleterView.swift */ = {isa = PBXFileReference; lastKnownFileType = sourcecode.swift; path = RecipeAutocompleterView.swift; sourceTree = "<group>"; };
/* End PBXFileReference section */

/* Begin PBXFrameworksBuildPhase section */
		23B03D522866481F00507A15 /* Frameworks */ = {
			isa = PBXFrameworksBuildPhase;
			buildActionMask = 2147483647;
			files = (
			);
			runOnlyForDeploymentPostprocessing = 0;
		};
		23B03D682866482000507A15 /* Frameworks */ = {
			isa = PBXFrameworksBuildPhase;
			buildActionMask = 2147483647;
			files = (
			);
			runOnlyForDeploymentPostprocessing = 0;
		};
		23B03D722866482100507A15 /* Frameworks */ = {
			isa = PBXFrameworksBuildPhase;
			buildActionMask = 2147483647;
			files = (
			);
			runOnlyForDeploymentPostprocessing = 0;
		};
/* End PBXFrameworksBuildPhase section */

/* Begin PBXGroup section */
		2328794C287FDBCF00477314 /* ImportExport */ = {
			isa = PBXGroup;
			children = (
				F39A42452A37C4E80017C29C /* datasetCocktails.json */,
				F39A42462A37C4E80017C29C /* testDatasetCocktails.json */,
				23951B5A287FE32600F7C785 /* CodingInfoKey+ManagedObjectContext.swift */,
				23951B5C287FE39700F7C785 /* ImportExportError.swift */,
				23951B612881AE3200F7C785 /* Reference.swift */,
				23951B632881B47100F7C785 /* DataRoot.swift */,
				F39A42492A37CA1A0017C29C /* CocktailModelsForImport.swift */,
			);
			path = ImportExport;
			sourceTree = "<group>";
		};
		2334CAF12873A4A8003921C4 /* Recipe */ = {
			isa = PBXGroup;
			children = (
				239B8D8F288A07010053B7EA /* RecipeHeaderView */,
				2334CAF22873A4B0003921C4 /* RecipeView.swift */,
				2315355728790ED30094A910 /* CookingStepEditView.swift */,
				2359DDD3287A77FB0003FDE8 /* IngredientEditView.swift */,
				F3629EB1293ECE7800D39BF4 /* TimeEditView.swift */,
				F34FF7962A1C28AE0098B47C /* EditInlineView.swift */,
				F354617F2A201F5600834505 /* RecipePreviewView.swift */,
				F3F4CF7C2AA15CA00059FE18 /* RecipeAutocompleterView.swift */,
			);
			path = Recipe;
			sourceTree = "<group>";
		};
		236D2526286ACB0A005C8A3A /* Views */ = {
			isa = PBXGroup;
			children = (
				2386711C287E546900B3C2BF /* General */,
				2399945D2874BE9F00AC3CA4 /* Navigation */,
				2334CAF12873A4A8003921C4 /* Recipe */,
				F30BE2302A5F556D0056C2F6 /* Dinner */,
				F34750B228765101001B9A90 /* Cooking */,
				2399946C2875538800AC3CA4 /* ApplicationFailureView.swift */,
				F371CA73296A406900DC25EE /* TagsListView.swift */,
				F3BBF9C829494977008D0902 /* TagsEditView.swift */,
				F3F4CF7A2AA150470059FE18 /* TagsAutocompleterView.swift */,
			);
			path = Views;
			sourceTree = "<group>";
		};
		2386711C287E546900B3C2BF /* General */ = {
			isa = PBXGroup;
			children = (
				2359DDCF287A4EEA0003FDE8 /* IngredientView.swift */,
				2359DDD5287A78720003FDE8 /* EditingSheet.swift */,
				F36BA9F828AD8F1300D8B997 /* PhotoGallery.swift */,
				F3747B8F296F66210077648D /* RatingViews.swift */,
				2359DDD1287A4F2D0003FDE8 /* CookingStepView.swift */,
				F324BD0B2AB28A9F0089140E /* AutocompletedTextField.swift */,
				F36A01C12AD74D140014B32C /* CopyrightView.swift */,
			);
			path = General;
			sourceTree = "<group>";
		};
		2399945D2874BE9F00AC3CA4 /* Navigation */ = {
			isa = PBXGroup;
			children = (
				2399945E2874BEA900AC3CA4 /* SidebarView.swift */,
				239994602874BEED00AC3CA4 /* RecipeListView.swift */,
				F30BE2312A5F55960056C2F6 /* DinnerMenuList.swift */,
				239994622874BF2A00AC3CA4 /* DetailView.swift */,
				F3204BAB2A3109210041DAAE /* SettingsView.swift */,
				F338C8252A33D8B900BC9BCE /* AboutView.swift */,
				F3D00FED2A8AE3E00070FE43 /* RootView.swift */,
			);
			path = Navigation;
			sourceTree = "<group>";
		};
		239B8D86288515540053B7EA /* Extensions */ = {
			isa = PBXGroup;
			children = (
				2334CAEA2873717F003921C4 /* NSManagedObjectContext+Extensions.swift */,
				23DE510228667E6F00EFC3EE /* Recipe+Extensions.swift */,
				2334CAEF2873783A003921C4 /* Recipe+Transferable.swift */,
				23DE50FB2866791400EFC3EE /* Ingredient+Extensions.swift */,
				23D661D0287638330071681B /* RecipeIngredient+Extensions.swift */,
				239B8D8B288887A90053B7EA /* RecipeImage+Extensions.swift */,
				23DE510628667E8600EFC3EE /* CookingStep+Extensions.swift */,
				23DE50FD2866791900EFC3EE /* Tag+Extensions.swift */,
				F34FF7982A1C328F0098B47C /* Utils.swift */,
				F3A44EE12A39312500B50C81 /* EasyFindable.swift */,
				F3F4289C2A54EB20006505DA /* DinnerMenu+Extensions.swift */,
				F3F4289E2A54EEC2006505DA /* DinnerMenuItem+Extensions.swift */,
			);
			path = Extensions;
			sourceTree = "<group>";
		};
		239B8D8F288A07010053B7EA /* RecipeHeaderView */ = {
			isa = PBXGroup;
			children = (
				2359DDCD287A4DB00003FDE8 /* RecipeHeaderView.swift */,
				239B8D90288A07200053B7EA /* RecipeHeaderViewModel.swift */,
				F3A24A742936DC3000C7E2B7 /* RecipeTimeEditAndView.swift */,
				F3629EAF293EB69300D39BF4 /* RecipeTextEditingView.swift */,
			);
			path = RecipeHeaderView;
			sourceTree = "<group>";
		};
		23B03D4C2866481F00507A15 = {
			isa = PBXGroup;
			children = (
				F35D3ADC2AA0020100BAF7CA /* LaunchScreen.storyboard */,
				F3204BB82A3139930041DAAE /* Localizable.strings */,
				23B03D572866481F00507A15 /* TheRecipe */,
				23B03D6E2866482000507A15 /* TheRecipeTests */,
				23B03D782866482100507A15 /* TheRecipeUITests */,
				23B03D562866481F00507A15 /* Products */,
				F36A01BC2AD6170A0014B32C /* Frameworks */,
			);
			sourceTree = "<group>";
		};
		23B03D562866481F00507A15 /* Products */ = {
			isa = PBXGroup;
			children = (
				23B03D552866481F00507A15 /* TheRecipe.app */,
				23B03D6B2866482000507A15 /* TheRecipeTests.xctest */,
				23B03D752866482100507A15 /* TheRecipeUITests.xctest */,
			);
			name = Products;
			sourceTree = "<group>";
		};
		23B03D572866481F00507A15 /* TheRecipe */ = {
			isa = PBXGroup;
			children = (
				23DE50FA2866529D00EFC3EE /* Data */,
				236D2526286ACB0A005C8A3A /* Views */,
				23F39126286D599D0096ECC9 /* Util */,
				2315354E2877E8290094A910 /* TheRecipeApp.swift */,
				23B03D5A2866481F00507A15 /* Persistence.swift */,
				23D661D62876583F0071681B /* PreviewProvider+Extensions.swift */,
				23B03D612866482000507A15 /* Assets.xcassets */,
				2315354D2877E8290094A910 /* TheRecipe.entitlements */,
				23B03D642866482000507A15 /* Preview Content */,
				F36874072A27A4FB00A54ACE /* README.md */,
				F3204BB12A3139110041DAAE /* LaunchScreen.storyboard */,
			);
			path = TheRecipe;
			sourceTree = "<group>";
		};
		23B03D642866482000507A15 /* Preview Content */ = {
			isa = PBXGroup;
			children = (
				23B03D652866482000507A15 /* Preview Assets.xcassets */,
				F36A01BA2AD5FF9C0014B32C /* preview_db.json */,
			);
			path = "Preview Content";
			sourceTree = "<group>";
		};
		23B03D6E2866482000507A15 /* TheRecipeTests */ = {
			isa = PBXGroup;
			children = (
				2315355B287948EA0094A910 /* Persistence.swift */,
				231535502877E8AD0094A910 /* TheRecipeTests.swift */,
				231535592879468A0094A910 /* CookingStepTimeTests.swift */,
				F358C2752B13CE30009FC684 /* UtilTests.swift */,
			);
			path = TheRecipeTests;
			sourceTree = "<group>";
		};
		23B03D782866482100507A15 /* TheRecipeUITests */ = {
			isa = PBXGroup;
			children = (
				231535522877E8BA0094A910 /* TheRecipeUITests.swift */,
				231535532877E8BA0094A910 /* TheRecipeUITestsLaunchTests.swift */,
			);
			path = TheRecipeUITests;
			sourceTree = "<group>";
		};
		23DE50FA2866529D00EFC3EE /* Data */ = {
			isa = PBXGroup;
			children = (
				239B8D86288515540053B7EA /* Extensions */,
				2328794C287FDBCF00477314 /* ImportExport */,
				23B03D5C2866481F00507A15 /* TheRecipe.xcdatamodeld */,
				23287951287FDDC900477314 /* Recipe.swift */,
				F38FA60B2A521DF4008ABFA8 /* DinnerMenu.swift */,
				F38FA60D2A521E0A008ABFA8 /* DinnerMenuItem.swift */,
				2328794D287FDBF500477314 /* Ingredient.swift */,
				23287957287FDDE700477314 /* Tag.swift */,
				2328794F287FDDB100477314 /* CookingStep.swift */,
				23287953287FDDD500477314 /* RecipeImage.swift */,
				F328B0752C4094B700C8B1A1 /* RecipeRemarks.swift */,
				23287955287FDDE000477314 /* RecipeIngredient.swift */,
				2359DDCB287A36520003FDE8 /* Ordered.swift */,
				F32F23BD2A846AF2004865DE /* TagProvider.swift */,
			);
			path = Data;
			sourceTree = "<group>";
		};
		23F39126286D599D0096ECC9 /* Util */ = {
			isa = PBXGroup;
			children = (
				F33E3DD42CDD67D600EC5B78 /* YouTubePlayerView.swift */,
				F36A01B82ACF703D0014B32C /* JsonDocument.swift */,
				F38019FD2A2411B500C9E0AE /* SpeachRecognizer.swift */,
				F38019FC2A2411B500C9E0AE /* Speaker.swift */,
				23E3B9962870CA3100C9B9E0 /* Selection.swift */,
				239994662874E95D00AC3CA4 /* Logging.swift */,
				2359DDD7287B5A2A0003FDE8 /* Units.swift */,
				23453288287BBE1100B68525 /* Image+Multiplatform.swift */,
				2386711D287E5D4C00B3C2BF /* View+Extensions.swift */,
				232D9E0D287F389200B8D24A /* Double+Time.swift */,
				F39A424B2A37CB5E0017C29C /* ImportBunchRecipes.swift */,
				F3A44EDF2A38EF1400B50C81 /* Bundle+Extension.swift */,
				F36A01C32AD8AAC20014B32C /* AdaptiveLayoutView.swift */,
				F358C2702B12A30E009FC684 /* VideoFork.swift */,
			);
			path = Util;
			sourceTree = "<group>";
		};
		F30BE2302A5F556D0056C2F6 /* Dinner */ = {
			isa = PBXGroup;
			children = (
				F30BE2332A5F55AB0056C2F6 /* DinnerMenuDetail.swift */,
			);
			path = Dinner;
			sourceTree = "<group>";
		};
		F34750B228765101001B9A90 /* Cooking */ = {
			isa = PBXGroup;
			children = (
				F34750B32876511E001B9A90 /* CookingView.swift */,
				F3777108287A5D4A00ABA73D /* TimerView.swift */,
				F32BBBFD28889C0C00CBDAC2 /* CookingStageView.swift */,
				F39890CD288A1EF100C3FC50 /* IngredientsStageView.swift */,
			);
			path = Cooking;
			sourceTree = "<group>";
		};
		F36A01BC2AD6170A0014B32C /* Frameworks */ = {
			isa = PBXGroup;
			children = (
				F36A01BF2AD617B00014B32C /* CoreAudioTypes.framework */,
				F36A01BD2AD6170A0014B32C /* CoreAudio.framework */,
			);
			name = Frameworks;
			sourceTree = "<group>";
		};
/* End PBXGroup section */

/* Begin PBXNativeTarget section */
		23B03D542866481F00507A15 /* TheRecipe */ = {
			isa = PBXNativeTarget;
			buildConfigurationList = 23B03D7F2866482100507A15 /* Build configuration list for PBXNativeTarget "TheRecipe" */;
			buildPhases = (
				23B03D512866481F00507A15 /* Sources */,
				23B03D522866481F00507A15 /* Frameworks */,
				23B03D532866481F00507A15 /* Resources */,
			);
			buildRules = (
			);
			dependencies = (
			);
			name = TheRecipe;
			packageProductDependencies = (
			);
			productName = TheRecipe;
			productReference = 23B03D552866481F00507A15 /* TheRecipe.app */;
			productType = "com.apple.product-type.application";
		};
		23B03D6A2866482000507A15 /* TheRecipeTests */ = {
			isa = PBXNativeTarget;
			buildConfigurationList = 23B03D822866482100507A15 /* Build configuration list for PBXNativeTarget "TheRecipeTests" */;
			buildPhases = (
				23B03D672866482000507A15 /* Sources */,
				23B03D682866482000507A15 /* Frameworks */,
				23B03D692866482000507A15 /* Resources */,
			);
			buildRules = (
			);
			dependencies = (
				23B03D6D2866482000507A15 /* PBXTargetDependency */,
			);
			name = TheRecipeTests;
			productName = TheRecipeTests;
			productReference = 23B03D6B2866482000507A15 /* TheRecipeTests.xctest */;
			productType = "com.apple.product-type.bundle.unit-test";
		};
		23B03D742866482100507A15 /* TheRecipeUITests */ = {
			isa = PBXNativeTarget;
			buildConfigurationList = 23B03D852866482100507A15 /* Build configuration list for PBXNativeTarget "TheRecipeUITests" */;
			buildPhases = (
				23B03D712866482100507A15 /* Sources */,
				23B03D722866482100507A15 /* Frameworks */,
				23B03D732866482100507A15 /* Resources */,
			);
			buildRules = (
			);
			dependencies = (
				23B03D772866482100507A15 /* PBXTargetDependency */,
			);
			name = TheRecipeUITests;
			productName = TheRecipeUITests;
			productReference = 23B03D752866482100507A15 /* TheRecipeUITests.xctest */;
			productType = "com.apple.product-type.bundle.ui-testing";
		};
/* End PBXNativeTarget section */

/* Begin PBXProject section */
		23B03D4D2866481F00507A15 /* Project object */ = {
			isa = PBXProject;
			attributes = {
				BuildIndependentTargetsInParallel = 1;
				LastSwiftUpdateCheck = 1400;
				LastUpgradeCheck = 1400;
				TargetAttributes = {
					23B03D542866481F00507A15 = {
						CreatedOnToolsVersion = 14.0;
					};
					23B03D6A2866482000507A15 = {
						CreatedOnToolsVersion = 14.0;
						LastSwiftMigration = 1400;
						TestTargetID = 23B03D542866481F00507A15;
					};
					23B03D742866482100507A15 = {
						CreatedOnToolsVersion = 14.0;
						LastSwiftMigration = 1400;
						TestTargetID = 23B03D542866481F00507A15;
					};
				};
			};
			buildConfigurationList = 23B03D502866481F00507A15 /* Build configuration list for PBXProject "TheRecipe" */;
			compatibilityVersion = "Xcode 14.0";
			developmentRegion = en;
			hasScannedForEncodings = 0;
			knownRegions = (
				en,
				Base,
				"es-419",
			);
			mainGroup = 23B03D4C2866481F00507A15;
			packageReferences = (
			);
			productRefGroup = 23B03D562866481F00507A15 /* Products */;
			projectDirPath = "";
			projectRoot = "";
			targets = (
				23B03D542866481F00507A15 /* TheRecipe */,
				23B03D6A2866482000507A15 /* TheRecipeTests */,
				23B03D742866482100507A15 /* TheRecipeUITests */,
			);
		};
/* End PBXProject section */

/* Begin PBXResourcesBuildPhase section */
		23B03D532866481F00507A15 /* Resources */ = {
			isa = PBXResourcesBuildPhase;
			buildActionMask = 2147483647;
			files = (
				F3204BAF2A3139110041DAAE /* LaunchScreen.storyboard in Resources */,
				F39A42482A37C4E80017C29C /* testDatasetCocktails.json in Resources */,
				F3204BB62A3139930041DAAE /* Localizable.strings in Resources */,
				F39A42472A37C4E80017C29C /* datasetCocktails.json in Resources */,
				F35D3ADD2AA0020100BAF7CA /* LaunchScreen.storyboard in Resources */,
				23B03D662866482000507A15 /* Preview Assets.xcassets in Resources */,
				F36A01BB2AD5FF9C0014B32C /* preview_db.json in Resources */,
				23B03D622866482000507A15 /* Assets.xcassets in Resources */,
			);
			runOnlyForDeploymentPostprocessing = 0;
		};
		23B03D692866482000507A15 /* Resources */ = {
			isa = PBXResourcesBuildPhase;
			buildActionMask = 2147483647;
			files = (
			);
			runOnlyForDeploymentPostprocessing = 0;
		};
		23B03D732866482100507A15 /* Resources */ = {
			isa = PBXResourcesBuildPhase;
			buildActionMask = 2147483647;
			files = (
			);
			runOnlyForDeploymentPostprocessing = 0;
		};
/* End PBXResourcesBuildPhase section */

/* Begin PBXSourcesBuildPhase section */
		23B03D512866481F00507A15 /* Sources */ = {
			isa = PBXSourcesBuildPhase;
			buildActionMask = 2147483647;
			files = (
				F38FA60C2A521DF4008ABFA8 /* DinnerMenu.swift in Sources */,
				2359DDD6287A78720003FDE8 /* EditingSheet.swift in Sources */,
				F36A01C22AD74D140014B32C /* CopyrightView.swift in Sources */,
				F3A44EE02A38EF1400B50C81 /* Bundle+Extension.swift in Sources */,
				2386711E287E5D4C00B3C2BF /* View+Extensions.swift in Sources */,
				F30BE2322A5F55970056C2F6 /* DinnerMenuList.swift in Sources */,
				239994612874BEED00AC3CA4 /* RecipeListView.swift in Sources */,
				F3A24A752936DC3000C7E2B7 /* RecipeTimeEditAndView.swift in Sources */,
				F338C8262A33D8B900BC9BCE /* AboutView.swift in Sources */,
				F30BE2342A5F55AB0056C2F6 /* DinnerMenuDetail.swift in Sources */,
				23287954287FDDD500477314 /* RecipeImage.swift in Sources */,
				F3629EB2293ECE7800D39BF4 /* TimeEditView.swift in Sources */,
				F34750B42876511E001B9A90 /* CookingView.swift in Sources */,
				23E3B9972870CA3100C9B9E0 /* Selection.swift in Sources */,
				239B8D8C288887A90053B7EA /* RecipeImage+Extensions.swift in Sources */,
				23DE50FE2866791900EFC3EE /* Tag+Extensions.swift in Sources */,
				23B03D5E2866481F00507A15 /* TheRecipe.xcdatamodeld in Sources */,
				2334CAF02873783A003921C4 /* Recipe+Transferable.swift in Sources */,
				23287950287FDDB100477314 /* CookingStep.swift in Sources */,
				F36BA9F928AD8F1300D8B997 /* PhotoGallery.swift in Sources */,
				2399946D2875538800AC3CA4 /* ApplicationFailureView.swift in Sources */,
				F38019FE2A2411B600C9E0AE /* Speaker.swift in Sources */,
				F35461802A201F5600834505 /* RecipePreviewView.swift in Sources */,
				2334CAEB2873717F003921C4 /* NSManagedObjectContext+Extensions.swift in Sources */,
				F3A44EE22A39312500B50C81 /* EasyFindable.swift in Sources */,
				F34FF7972A1C28AE0098B47C /* EditInlineView.swift in Sources */,
				23287958287FDDE700477314 /* Tag.swift in Sources */,
				239994672874E95D00AC3CA4 /* Logging.swift in Sources */,
				2359DDD0287A4EEA0003FDE8 /* IngredientView.swift in Sources */,
				2315355828790ED30094A910 /* CookingStepEditView.swift in Sources */,
				23951B642881B47100F7C785 /* DataRoot.swift in Sources */,
				23287952287FDDC900477314 /* Recipe.swift in Sources */,
				F3F4289D2A54EB20006505DA /* DinnerMenu+Extensions.swift in Sources */,
				F3F4CF7D2AA15CA00059FE18 /* RecipeAutocompleterView.swift in Sources */,
				F3777109287A5D4A00ABA73D /* TimerView.swift in Sources */,
				23951B5B287FE32600F7C785 /* CodingInfoKey+ManagedObjectContext.swift in Sources */,
				239994632874BF2A00AC3CA4 /* DetailView.swift in Sources */,
				23D661D72876583F0071681B /* PreviewProvider+Extensions.swift in Sources */,
				23DE510328667E6F00EFC3EE /* Recipe+Extensions.swift in Sources */,
				239B8D91288A07200053B7EA /* RecipeHeaderViewModel.swift in Sources */,
				F3629EB0293EB69300D39BF4 /* RecipeTextEditingView.swift in Sources */,
				F38019FF2A2411B600C9E0AE /* SpeachRecognizer.swift in Sources */,
				2315354F2877E8290094A910 /* TheRecipeApp.swift in Sources */,
				F371CA74296A406900DC25EE /* TagsListView.swift in Sources */,
				F3747B90296F66210077648D /* RatingViews.swift in Sources */,
				2359DDD2287A4F2D0003FDE8 /* CookingStepView.swift in Sources */,
				2359DDD8287B5A2A0003FDE8 /* Units.swift in Sources */,
				F36A01B92ACF703D0014B32C /* JsonDocument.swift in Sources */,
				2359DDCE287A4DB00003FDE8 /* RecipeHeaderView.swift in Sources */,
				2334CAF32873A4B0003921C4 /* RecipeView.swift in Sources */,
				F3D00FEE2A8AE3E00070FE43 /* RootView.swift in Sources */,
				23287956287FDDE000477314 /* RecipeIngredient.swift in Sources */,
				F3204BAC2A3109210041DAAE /* SettingsView.swift in Sources */,
				23B03D5B2866481F00507A15 /* Persistence.swift in Sources */,
				F34FF7992A1C328F0098B47C /* Utils.swift in Sources */,
				F39A424C2A37CB5E0017C29C /* ImportBunchRecipes.swift in Sources */,
				23DE510728667E8600EFC3EE /* CookingStep+Extensions.swift in Sources */,
				2399945F2874BEA900AC3CA4 /* SidebarView.swift in Sources */,
				23D661D1287638330071681B /* RecipeIngredient+Extensions.swift in Sources */,
				23951B622881AE3200F7C785 /* Reference.swift in Sources */,
				23951B5D287FE39700F7C785 /* ImportExportError.swift in Sources */,
				F358C2712B12A30E009FC684 /* VideoFork.swift in Sources */,
				F32BBBFE28889C0C00CBDAC2 /* CookingStageView.swift in Sources */,
				F38FA60E2A521E0A008ABFA8 /* DinnerMenuItem.swift in Sources */,
				23453289287BBE1100B68525 /* Image+Multiplatform.swift in Sources */,
				F3F4CF7B2AA150470059FE18 /* TagsAutocompleterView.swift in Sources */,
				F3BBF9C929494977008D0902 /* TagsEditView.swift in Sources */,
				2328794E287FDBF500477314 /* Ingredient.swift in Sources */,
				F36A01C42AD8AAC20014B32C /* AdaptiveLayoutView.swift in Sources */,
				23DE50FC2866791400EFC3EE /* Ingredient+Extensions.swift in Sources */,
				F33E3DD52CDD67D600EC5B78 /* YouTubePlayerView.swift in Sources */,
				F328B0762C4094B700C8B1A1 /* RecipeRemarks.swift in Sources */,
				232D9E0E287F389200B8D24A /* Double+Time.swift in Sources */,
				2359DDCC287A36520003FDE8 /* Ordered.swift in Sources */,
				F32F23BE2A846AF2004865DE /* TagProvider.swift in Sources */,
				F3F4289F2A54EEC2006505DA /* DinnerMenuItem+Extensions.swift in Sources */,
				F39890CE288A1EF100C3FC50 /* IngredientsStageView.swift in Sources */,
				2359DDD4287A77FB0003FDE8 /* IngredientEditView.swift in Sources */,
				F324BD0C2AB28A9F0089140E /* AutocompletedTextField.swift in Sources */,
				F39A424A2A37CA1A0017C29C /* CocktailModelsForImport.swift in Sources */,
			);
			runOnlyForDeploymentPostprocessing = 0;
		};
		23B03D672866482000507A15 /* Sources */ = {
			isa = PBXSourcesBuildPhase;
			buildActionMask = 2147483647;
			files = (
				2315355C287948EA0094A910 /* Persistence.swift in Sources */,
				231535512877E8AD0094A910 /* TheRecipeTests.swift in Sources */,
				2315355A2879468A0094A910 /* CookingStepTimeTests.swift in Sources */,
				F358C2762B13CE30009FC684 /* UtilTests.swift in Sources */,
			);
			runOnlyForDeploymentPostprocessing = 0;
		};
		23B03D712866482100507A15 /* Sources */ = {
			isa = PBXSourcesBuildPhase;
			buildActionMask = 2147483647;
			files = (
				231535552877E8BA0094A910 /* TheRecipeUITestsLaunchTests.swift in Sources */,
				231535542877E8BA0094A910 /* TheRecipeUITests.swift in Sources */,
			);
			runOnlyForDeploymentPostprocessing = 0;
		};
/* End PBXSourcesBuildPhase section */

/* Begin PBXTargetDependency section */
		23B03D6D2866482000507A15 /* PBXTargetDependency */ = {
			isa = PBXTargetDependency;
			target = 23B03D542866481F00507A15 /* TheRecipe */;
			targetProxy = 23B03D6C2866482000507A15 /* PBXContainerItemProxy */;
		};
		23B03D772866482100507A15 /* PBXTargetDependency */ = {
			isa = PBXTargetDependency;
			target = 23B03D542866481F00507A15 /* TheRecipe */;
			targetProxy = 23B03D762866482100507A15 /* PBXContainerItemProxy */;
		};
/* End PBXTargetDependency section */

/* Begin PBXVariantGroup section */
		F3204BB12A3139110041DAAE /* LaunchScreen.storyboard */ = {
			isa = PBXVariantGroup;
			children = (
				F3204BB32A3139230041DAAE /* en */,
			);
			name = LaunchScreen.storyboard;
			sourceTree = "<group>";
		};
		F3204BB82A3139930041DAAE /* Localizable.strings */ = {
			isa = PBXVariantGroup;
			children = (
				F3204BB72A3139930041DAAE /* es-419 */,
				F3204BB92A3139980041DAAE /* en */,
			);
			name = Localizable.strings;
			sourceTree = "<group>";
		};
/* End PBXVariantGroup section */

/* Begin XCBuildConfiguration section */
		23B03D7D2866482100507A15 /* Debug */ = {
			isa = XCBuildConfiguration;
			buildSettings = {
				ALWAYS_SEARCH_USER_PATHS = NO;
				CLANG_ANALYZER_LOCALIZABILITY_NONLOCALIZED = YES;
				CLANG_ANALYZER_NONNULL = YES;
				CLANG_ANALYZER_NUMBER_OBJECT_CONVERSION = YES_AGGRESSIVE;
				CLANG_CXX_LANGUAGE_STANDARD = "gnu++17";
				CLANG_ENABLE_MODULES = YES;
				CLANG_ENABLE_OBJC_ARC = YES;
				CLANG_ENABLE_OBJC_WEAK = YES;
				CLANG_WARN_BLOCK_CAPTURE_AUTORELEASING = YES;
				CLANG_WARN_BOOL_CONVERSION = YES;
				CLANG_WARN_COMMA = YES;
				CLANG_WARN_CONSTANT_CONVERSION = YES;
				CLANG_WARN_DEPRECATED_OBJC_IMPLEMENTATIONS = YES;
				CLANG_WARN_DIRECT_OBJC_ISA_USAGE = YES_ERROR;
				CLANG_WARN_DOCUMENTATION_COMMENTS = YES;
				CLANG_WARN_EMPTY_BODY = YES;
				CLANG_WARN_ENUM_CONVERSION = YES;
				CLANG_WARN_INFINITE_RECURSION = YES;
				CLANG_WARN_INT_CONVERSION = YES;
				CLANG_WARN_NON_LITERAL_NULL_CONVERSION = YES;
				CLANG_WARN_OBJC_IMPLICIT_RETAIN_SELF = YES;
				CLANG_WARN_OBJC_LITERAL_CONVERSION = YES;
				CLANG_WARN_OBJC_ROOT_CLASS = YES_ERROR;
				CLANG_WARN_QUOTED_INCLUDE_IN_FRAMEWORK_HEADER = YES;
				CLANG_WARN_RANGE_LOOP_ANALYSIS = YES;
				CLANG_WARN_STRICT_PROTOTYPES = YES;
				CLANG_WARN_SUSPICIOUS_MOVE = YES;
				CLANG_WARN_UNGUARDED_AVAILABILITY = YES_AGGRESSIVE;
				CLANG_WARN_UNREACHABLE_CODE = YES;
				CLANG_WARN__DUPLICATE_METHOD_MATCH = YES;
				COPY_PHASE_STRIP = NO;
				DEBUG_INFORMATION_FORMAT = dwarf;
				ENABLE_STRICT_OBJC_MSGSEND = YES;
				ENABLE_TESTABILITY = YES;
				GCC_C_LANGUAGE_STANDARD = gnu11;
				GCC_DYNAMIC_NO_PIC = NO;
				GCC_NO_COMMON_BLOCKS = YES;
				GCC_OPTIMIZATION_LEVEL = 0;
				GCC_PREPROCESSOR_DEFINITIONS = (
					"DEBUG=1",
					"$(inherited)",
				);
				GCC_WARN_64_TO_32_BIT_CONVERSION = YES;
				GCC_WARN_ABOUT_RETURN_TYPE = YES_ERROR;
				GCC_WARN_UNDECLARED_SELECTOR = YES;
				GCC_WARN_UNINITIALIZED_AUTOS = YES_AGGRESSIVE;
				GCC_WARN_UNUSED_FUNCTION = YES;
				GCC_WARN_UNUSED_VARIABLE = YES;
				INFOPLIST_KEY_UILaunchScreen_Generation = NO;
				IPHONEOS_DEPLOYMENT_TARGET = 16.4;
				MACOSX_DEPLOYMENT_TARGET = 13.2;
				MTL_ENABLE_DEBUG_INFO = INCLUDE_SOURCE;
				MTL_FAST_MATH = YES;
				ONLY_ACTIVE_ARCH = YES;
				RUN_DOCUMENTATION_COMPILER = YES;
				SWIFT_ACTIVE_COMPILATION_CONDITIONS = DEBUG;
				SWIFT_EMIT_LOC_STRINGS = YES;
				SWIFT_OPTIMIZATION_LEVEL = "-Onone";
			};
			name = Debug;
		};
		23B03D7E2866482100507A15 /* Release */ = {
			isa = XCBuildConfiguration;
			buildSettings = {
				ALWAYS_SEARCH_USER_PATHS = NO;
				CLANG_ANALYZER_LOCALIZABILITY_NONLOCALIZED = YES;
				CLANG_ANALYZER_NONNULL = YES;
				CLANG_ANALYZER_NUMBER_OBJECT_CONVERSION = YES_AGGRESSIVE;
				CLANG_CXX_LANGUAGE_STANDARD = "gnu++17";
				CLANG_ENABLE_MODULES = YES;
				CLANG_ENABLE_OBJC_ARC = YES;
				CLANG_ENABLE_OBJC_WEAK = YES;
				CLANG_WARN_BLOCK_CAPTURE_AUTORELEASING = YES;
				CLANG_WARN_BOOL_CONVERSION = YES;
				CLANG_WARN_COMMA = YES;
				CLANG_WARN_CONSTANT_CONVERSION = YES;
				CLANG_WARN_DEPRECATED_OBJC_IMPLEMENTATIONS = YES;
				CLANG_WARN_DIRECT_OBJC_ISA_USAGE = YES_ERROR;
				CLANG_WARN_DOCUMENTATION_COMMENTS = YES;
				CLANG_WARN_EMPTY_BODY = YES;
				CLANG_WARN_ENUM_CONVERSION = YES;
				CLANG_WARN_INFINITE_RECURSION = YES;
				CLANG_WARN_INT_CONVERSION = YES;
				CLANG_WARN_NON_LITERAL_NULL_CONVERSION = YES;
				CLANG_WARN_OBJC_IMPLICIT_RETAIN_SELF = YES;
				CLANG_WARN_OBJC_LITERAL_CONVERSION = YES;
				CLANG_WARN_OBJC_ROOT_CLASS = YES_ERROR;
				CLANG_WARN_QUOTED_INCLUDE_IN_FRAMEWORK_HEADER = YES;
				CLANG_WARN_RANGE_LOOP_ANALYSIS = YES;
				CLANG_WARN_STRICT_PROTOTYPES = YES;
				CLANG_WARN_SUSPICIOUS_MOVE = YES;
				CLANG_WARN_UNGUARDED_AVAILABILITY = YES_AGGRESSIVE;
				CLANG_WARN_UNREACHABLE_CODE = YES;
				CLANG_WARN__DUPLICATE_METHOD_MATCH = YES;
				COPY_PHASE_STRIP = NO;
				DEBUG_INFORMATION_FORMAT = "dwarf-with-dsym";
				ENABLE_NS_ASSERTIONS = NO;
				ENABLE_STRICT_OBJC_MSGSEND = YES;
				GCC_C_LANGUAGE_STANDARD = gnu11;
				GCC_NO_COMMON_BLOCKS = YES;
				GCC_WARN_64_TO_32_BIT_CONVERSION = YES;
				GCC_WARN_ABOUT_RETURN_TYPE = YES_ERROR;
				GCC_WARN_UNDECLARED_SELECTOR = YES;
				GCC_WARN_UNINITIALIZED_AUTOS = YES_AGGRESSIVE;
				GCC_WARN_UNUSED_FUNCTION = YES;
				GCC_WARN_UNUSED_VARIABLE = YES;
				INFOPLIST_KEY_UILaunchScreen_Generation = NO;
				IPHONEOS_DEPLOYMENT_TARGET = 16.4;
				MACOSX_DEPLOYMENT_TARGET = 13.2;
				MTL_ENABLE_DEBUG_INFO = NO;
				MTL_FAST_MATH = YES;
				RUN_DOCUMENTATION_COMPILER = YES;
				SWIFT_COMPILATION_MODE = wholemodule;
				SWIFT_EMIT_LOC_STRINGS = YES;
				SWIFT_OPTIMIZATION_LEVEL = "-O";
			};
			name = Release;
		};
		23B03D802866482100507A15 /* Debug */ = {
			isa = XCBuildConfiguration;
			buildSettings = {
				ASSETCATALOG_COMPILER_APPICON_NAME = AppIcon;
				ASSETCATALOG_COMPILER_GLOBAL_ACCENT_COLOR_NAME = AccentColor;
				CODE_SIGN_ENTITLEMENTS = TheRecipe/TheRecipe.entitlements;
				CODE_SIGN_STYLE = Automatic;
				CURRENT_PROJECT_VERSION = 1;
				DEVELOPMENT_ASSET_PATHS = "\"TheRecipe/Preview Content\"";
				DEVELOPMENT_TEAM = "";
				ENABLE_PREVIEWS = YES;
				GENERATE_INFOPLIST_FILE = YES;
				INFOPLIST_FILE = TheRecipe/Info.plist;
				INFOPLIST_KEY_CFBundleDisplayName = "The Recipe";
				INFOPLIST_KEY_LSApplicationCategoryType = "";
				INFOPLIST_KEY_NSHumanReadableCopyright = "";
				INFOPLIST_KEY_NSMicrophoneUsageDescription = "We use it to help you cook your recipies hands free. We do not record you or send any information outside your phone. Apple policies still apply.";
				INFOPLIST_KEY_NSSpeechRecognitionUsageDescription = "We use it to help you cook your recipies hands free. We do not record you or send any information outside your phone. Apple policies still apply.";
				INFOPLIST_KEY_UIApplicationSceneManifest_Generation = YES;
				"INFOPLIST_KEY_UILaunchScreen_Generation[sdk=iphoneos*]" = YES;
				"INFOPLIST_KEY_UILaunchScreen_Generation[sdk=iphonesimulator*]" = YES;
				"INFOPLIST_KEY_UILaunchScreen_Generation[sdk=macosx*]" = NO;
				INFOPLIST_KEY_UILaunchStoryboardName = "";
				"INFOPLIST_KEY_UILaunchStoryboardName[sdk=iphoneos*]" = LaunchScreen;
				"INFOPLIST_KEY_UILaunchStoryboardName[sdk=iphonesimulator*]" = LaunchScreen;
				"INFOPLIST_KEY_UILaunchStoryboardName[sdk=macosx*]" = "";
				INFOPLIST_KEY_UIRequiresFullScreen = NO;
				INFOPLIST_KEY_UISupportedInterfaceOrientations = UIInterfaceOrientationPortrait;
				INFOPLIST_KEY_UISupportedInterfaceOrientations_iPad = "UIInterfaceOrientationLandscapeLeft UIInterfaceOrientationLandscapeRight UIInterfaceOrientationPortrait";
				IPHONEOS_DEPLOYMENT_TARGET = 16.4;
				LD_RUNPATH_SEARCH_PATHS = "@executable_path/Frameworks";
				"LD_RUNPATH_SEARCH_PATHS[sdk=macosx*]" = "@executable_path/../Frameworks";
				MACOSX_DEPLOYMENT_TARGET = 14.0;
				MARKETING_VERSION = 1.0;
				PRODUCT_BUNDLE_IDENTIFIER = "com.zysoft.The-Recipe";
				PRODUCT_NAME = "$(TARGET_NAME)";
				SDKROOT = auto;
				SUPPORTED_PLATFORMS = "iphoneos iphonesimulator macosx";
				SWIFT_EMIT_LOC_STRINGS = YES;
				SWIFT_VERSION = 5.0;
				TARGETED_DEVICE_FAMILY = "1,2";
			};
			name = Debug;
		};
		23B03D812866482100507A15 /* Release */ = {
			isa = XCBuildConfiguration;
			buildSettings = {
				ASSETCATALOG_COMPILER_APPICON_NAME = AppIcon;
				ASSETCATALOG_COMPILER_GLOBAL_ACCENT_COLOR_NAME = AccentColor;
				CODE_SIGN_ENTITLEMENTS = TheRecipe/TheRecipe.entitlements;
				CODE_SIGN_STYLE = Automatic;
				CURRENT_PROJECT_VERSION = 1;
				DEVELOPMENT_ASSET_PATHS = "\"TheRecipe/Preview Content\"";
				DEVELOPMENT_TEAM = "";
				ENABLE_PREVIEWS = YES;
				GENERATE_INFOPLIST_FILE = YES;
				INFOPLIST_FILE = TheRecipe/Info.plist;
				INFOPLIST_KEY_CFBundleDisplayName = "The Recipe";
				INFOPLIST_KEY_LSApplicationCategoryType = "";
				INFOPLIST_KEY_NSHumanReadableCopyright = "";
				INFOPLIST_KEY_NSMicrophoneUsageDescription = "We use it to help you cook your recipies hands free. We do not record you or send any information outside your phone. Apple policies still apply.";
				INFOPLIST_KEY_NSSpeechRecognitionUsageDescription = "We use it to help you cook your recipies hands free. We do not record you or send any information outside your phone. Apple policies still apply.";
				INFOPLIST_KEY_UIApplicationSceneManifest_Generation = YES;
				"INFOPLIST_KEY_UILaunchScreen_Generation[sdk=iphoneos*]" = YES;
				"INFOPLIST_KEY_UILaunchScreen_Generation[sdk=iphonesimulator*]" = YES;
				"INFOPLIST_KEY_UILaunchScreen_Generation[sdk=macosx*]" = NO;
				INFOPLIST_KEY_UILaunchStoryboardName = "";
				INFOPLIST_KEY_UIRequiresFullScreen = NO;
				INFOPLIST_KEY_UISupportedInterfaceOrientations = UIInterfaceOrientationPortrait;
				INFOPLIST_KEY_UISupportedInterfaceOrientations_iPad = "UIInterfaceOrientationLandscapeLeft UIInterfaceOrientationLandscapeRight UIInterfaceOrientationPortrait";
				IPHONEOS_DEPLOYMENT_TARGET = 16.4;
				LD_RUNPATH_SEARCH_PATHS = "@executable_path/Frameworks";
				"LD_RUNPATH_SEARCH_PATHS[sdk=macosx*]" = "@executable_path/../Frameworks";
				MACOSX_DEPLOYMENT_TARGET = 14.0;
				MARKETING_VERSION = 1.0;
				PRODUCT_BUNDLE_IDENTIFIER = "com.zysoft.The-Recipe";
				PRODUCT_NAME = "$(TARGET_NAME)";
				SDKROOT = auto;
				SUPPORTED_PLATFORMS = "iphoneos iphonesimulator macosx";
				SWIFT_EMIT_LOC_STRINGS = YES;
				SWIFT_VERSION = 5.0;
				TARGETED_DEVICE_FAMILY = "1,2";
			};
			name = Release;
		};
		23B03D832866482100507A15 /* Debug */ = {
			isa = XCBuildConfiguration;
			buildSettings = {
				ALWAYS_EMBED_SWIFT_STANDARD_LIBRARIES = YES;
				BUNDLE_LOADER = "$(TEST_HOST)";
				CLANG_ENABLE_MODULES = YES;
				CODE_SIGN_STYLE = Automatic;
				CURRENT_PROJECT_VERSION = 1;
				GENERATE_INFOPLIST_FILE = YES;
				IPHONEOS_DEPLOYMENT_TARGET = 16.4;
				LD_RUNPATH_SEARCH_PATHS = (
					"$(inherited)",
					"@executable_path/Frameworks",
					"@loader_path/Frameworks",
				);
				MACOSX_DEPLOYMENT_TARGET = 12.4;
				MARKETING_VERSION = 1.0;
				PRODUCT_BUNDLE_IDENTIFIER = "com.zysoft.The-RecipeTests";
				PRODUCT_NAME = "$(TARGET_NAME)";
				SDKROOT = auto;
				SUPPORTED_PLATFORMS = "iphoneos iphonesimulator macosx";
				SWIFT_EMIT_LOC_STRINGS = NO;
				SWIFT_OPTIMIZATION_LEVEL = "-Onone";
				SWIFT_VERSION = 5.0;
				TARGETED_DEVICE_FAMILY = "1,2";
				TEST_HOST = "$(BUILT_PRODUCTS_DIR)/TheRecipe.app/$(BUNDLE_EXECUTABLE_FOLDER_PATH)/TheRecipe";
			};
			name = Debug;
		};
		23B03D842866482100507A15 /* Release */ = {
			isa = XCBuildConfiguration;
			buildSettings = {
				ALWAYS_EMBED_SWIFT_STANDARD_LIBRARIES = YES;
				BUNDLE_LOADER = "$(TEST_HOST)";
				CLANG_ENABLE_MODULES = YES;
				CODE_SIGN_STYLE = Automatic;
				CURRENT_PROJECT_VERSION = 1;
				GENERATE_INFOPLIST_FILE = YES;
				IPHONEOS_DEPLOYMENT_TARGET = 16.4;
				LD_RUNPATH_SEARCH_PATHS = (
					"$(inherited)",
					"@executable_path/Frameworks",
					"@loader_path/Frameworks",
				);
				MACOSX_DEPLOYMENT_TARGET = 12.4;
				MARKETING_VERSION = 1.0;
				PRODUCT_BUNDLE_IDENTIFIER = "com.zysoft.The-RecipeTests";
				PRODUCT_NAME = "$(TARGET_NAME)";
				SDKROOT = auto;
				SUPPORTED_PLATFORMS = "iphoneos iphonesimulator macosx";
				SWIFT_EMIT_LOC_STRINGS = NO;
				SWIFT_VERSION = 5.0;
				TARGETED_DEVICE_FAMILY = "1,2";
				TEST_HOST = "$(BUILT_PRODUCTS_DIR)/TheRecipe.app/$(BUNDLE_EXECUTABLE_FOLDER_PATH)/TheRecipe";
			};
			name = Release;
		};
		23B03D862866482100507A15 /* Debug */ = {
			isa = XCBuildConfiguration;
			buildSettings = {
				ALWAYS_EMBED_SWIFT_STANDARD_LIBRARIES = YES;
				CLANG_ENABLE_MODULES = YES;
				CODE_SIGN_STYLE = Automatic;
				CURRENT_PROJECT_VERSION = 1;
				GENERATE_INFOPLIST_FILE = YES;
				IPHONEOS_DEPLOYMENT_TARGET = 16.4;
				LD_RUNPATH_SEARCH_PATHS = (
					"$(inherited)",
					"@executable_path/Frameworks",
					"@loader_path/Frameworks",
				);
				MACOSX_DEPLOYMENT_TARGET = 12.4;
				MARKETING_VERSION = 1.0;
				PRODUCT_BUNDLE_IDENTIFIER = "com.zysoft.The-RecipeUITests";
				PRODUCT_NAME = "$(TARGET_NAME)";
				SDKROOT = auto;
				SUPPORTED_PLATFORMS = "iphoneos iphonesimulator macosx";
				SWIFT_EMIT_LOC_STRINGS = NO;
				SWIFT_OPTIMIZATION_LEVEL = "-Onone";
				SWIFT_VERSION = 5.0;
				TARGETED_DEVICE_FAMILY = "1,2";
				TEST_TARGET_NAME = TheRecipe;
			};
			name = Debug;
		};
		23B03D872866482100507A15 /* Release */ = {
			isa = XCBuildConfiguration;
			buildSettings = {
				ALWAYS_EMBED_SWIFT_STANDARD_LIBRARIES = YES;
				CLANG_ENABLE_MODULES = YES;
				CODE_SIGN_STYLE = Automatic;
				CURRENT_PROJECT_VERSION = 1;
				GENERATE_INFOPLIST_FILE = YES;
				IPHONEOS_DEPLOYMENT_TARGET = 16.4;
				LD_RUNPATH_SEARCH_PATHS = (
					"$(inherited)",
					"@executable_path/Frameworks",
					"@loader_path/Frameworks",
				);
				MACOSX_DEPLOYMENT_TARGET = 12.4;
				MARKETING_VERSION = 1.0;
				PRODUCT_BUNDLE_IDENTIFIER = "com.zysoft.The-RecipeUITests";
				PRODUCT_NAME = "$(TARGET_NAME)";
				SDKROOT = auto;
				SUPPORTED_PLATFORMS = "iphoneos iphonesimulator macosx";
				SWIFT_EMIT_LOC_STRINGS = NO;
				SWIFT_VERSION = 5.0;
				TARGETED_DEVICE_FAMILY = "1,2";
				TEST_TARGET_NAME = TheRecipe;
			};
			name = Release;
		};
/* End XCBuildConfiguration section */

/* Begin XCConfigurationList section */
		23B03D502866481F00507A15 /* Build configuration list for PBXProject "TheRecipe" */ = {
			isa = XCConfigurationList;
			buildConfigurations = (
				23B03D7D2866482100507A15 /* Debug */,
				23B03D7E2866482100507A15 /* Release */,
			);
			defaultConfigurationIsVisible = 0;
			defaultConfigurationName = Release;
		};
		23B03D7F2866482100507A15 /* Build configuration list for PBXNativeTarget "TheRecipe" */ = {
			isa = XCConfigurationList;
			buildConfigurations = (
				23B03D802866482100507A15 /* Debug */,
				23B03D812866482100507A15 /* Release */,
			);
			defaultConfigurationIsVisible = 0;
			defaultConfigurationName = Release;
		};
		23B03D822866482100507A15 /* Build configuration list for PBXNativeTarget "TheRecipeTests" */ = {
			isa = XCConfigurationList;
			buildConfigurations = (
				23B03D832866482100507A15 /* Debug */,
				23B03D842866482100507A15 /* Release */,
			);
			defaultConfigurationIsVisible = 0;
			defaultConfigurationName = Release;
		};
		23B03D852866482100507A15 /* Build configuration list for PBXNativeTarget "TheRecipeUITests" */ = {
			isa = XCConfigurationList;
			buildConfigurations = (
				23B03D862866482100507A15 /* Debug */,
				23B03D872866482100507A15 /* Release */,
			);
			defaultConfigurationIsVisible = 0;
			defaultConfigurationName = Release;
		};
/* End XCConfigurationList section */

/* Begin XCVersionGroup section */
		23B03D5C2866481F00507A15 /* TheRecipe.xcdatamodeld */ = {
			isa = XCVersionGroup;
			children = (
				23B03D5D2866481F00507A15 /* The_Recipe.xcdatamodel */,
			);
			currentVersion = 23B03D5D2866481F00507A15 /* The_Recipe.xcdatamodel */;
			path = TheRecipe.xcdatamodeld;
			sourceTree = "<group>";
			versionGroupType = wrapper.xcdatamodel;
		};
/* End XCVersionGroup section */
	};
	rootObject = 23B03D4D2866481F00507A15 /* Project object */;
}
